
Microsoft Visual Studio Solution File, Format Version 12.00
# Visual Studio Version 17
VisualStudioVersion = 17.0.32014.148
MinimumVisualStudioVersion = 10.0.40219.1
Project("{FAE04EC0-301F-11D3-BF4B-00C04F79EFBC}") = "ConfigurationSpike", "ConfigurationSpike\ConfigurationSpike.csproj", "{6142C8CC-C887-4422-9EF4-6D9AC8D43F80}"
EndProject
Global
	GlobalSection(SolutionConfigurationPlatforms) = preSolution
		Debug|Any CPU = Debug|Any CPU
		Release|Any CPU = Release|Any CPU
	EndGlobalSection
	GlobalSection(ProjectConfigurationPlatforms) = postSolution
		{6142C8CC-C887-4422-9EF4-6D9AC8D43F80}.Debug|Any CPU.ActiveCfg = Debug|Any CPU
		{6142C8CC-C887-4422-9EF4-6D9AC8D43F80}.Debug|Any CPU.Build.0 = Debug|Any CPU
		{6142C8CC-C887-4422-9EF4-6D9AC8D43F80}.Release|Any CPU.ActiveCfg = Release|Any CPU
		{6142C8CC-C887-4422-9EF4-6D9AC8D43F80}.Release|Any CPU.Build.0 = Release|Any CPU
	EndGlobalSection
	GlobalSection(SolutionProperties) = preSolution
		HideSolutionNode = FALSE
	EndGlobalSection
	GlobalSection(ExtensibilityGlobals) = postSolution
		SolutionGuid = {79495D43-5736-4BAB-AEE6-45C7580A4D82}
	EndGlobalSection
EndGlobal
